{
  "name": "beginner-2023summer-g4",
  "lockfileVersion": 3,
  "requires": true,
  "packages": {
    "": {
      "dependencies": {
        "obscenity": "^0.2.0"
      }
    },
    "node_modules/obscenity": {
      "version": "0.2.0",
      "resolved": "https://registry.npmjs.org/obscenity/-/obscenity-0.2.0.tgz",
      "integrity": "sha512-eYe8r9hqJk5dEMZkLtWlGlwGxKYO6xA/yEOzd8MGSG3vzn8hAgo6MUZ9dirA3kPAfy/1d1jEOkCUpIU1nGI1EQ==",
      "engines": {
        "node": ">=14.0.0"
      }
    }
  }
}
